// !$*UTF8*$!
{
	archiveVersion = 1;
	classes = {
	};
	objectVersion = 50;
	objects = {

/* Begin PBXBuildFile section */
		7A0FA68E2427A262000EBFC7 /* {{ phobosArchive }} in Frameworks */ = {isa = PBXBuildFile; fileRef = 7A0FA68D2427A262000EBFC7 /* {{ phobosArchive }} */; };
		7A2E9BD223D8CF6500784D0E /* Main.storyboard in Resources */ = {isa = PBXBuildFile; fileRef = 7A2E9BD023D8CF6500784D0E /* Main.storyboard */; };
		7A2E9BDA23D8CF6600784D0E /* main.m in Sources */ = {isa = PBXBuildFile; fileRef = 7A2E9BD923D8CF6600784D0E /* main.m */; };
		7A2E9BE423D8CF6600784D0E /* TestRunnerTests.m in Sources */ = {isa = PBXBuildFile; fileRef = 7A2E9BE323D8CF6600784D0E /* TestRunnerTests.m */; };
		7A2E9BEF23D8D0BF00784D0E /* {{ druntimeArchive }} in Frameworks */ = {isa = PBXBuildFile; fileRef = 7A2E9BEE23D8D0BF00784D0E /* {{ druntimeArchive }} */; };
		7A2E9BF123D8D28A00784D0E /* test_runner.o in Frameworks */ = {isa = PBXBuildFile; fileRef = 7A2E9BF023D8D28A00784D0E /* test_runner.o */; };
/* End PBXBuildFile section */

/* Begin PBXContainerItemProxy section */
		7A2E9BE023D8CF6600784D0E /* PBXContainerItemProxy */ = {
			isa = PBXContainerItemProxy;
			containerPortal = 7A2E9BBC23D8CF6500784D0E /* Project object */;
			proxyType = 1;
			remoteGlobalIDString = 7A2E9BC323D8CF6500784D0E;
			remoteInfo = TestRunner;
		};
/* End PBXContainerItemProxy section */

/* Begin PBXFileReference section */
		7A0FA68D2427A262000EBFC7 /* {{ phobosArchive }} */ = {isa = PBXFileReference; lastKnownFileType = archive.ar; name = "{{ phobosArchive }}"; path = "{{ libraryPath }}/{{ phobosArchive }}"; sourceTree = "<group>"; };
		7A2E9BC423D8CF6500784D0E /* TestRunner.app */ = {isa = PBXFileReference; explicitFileType = wrapper.application; includeInIndex = 0; path = TestRunner.app; sourceTree = BUILT_PRODUCTS_DIR; };
		7A2E9BD123D8CF6500784D0E /* Base */ = {isa = PBXFileReference; lastKnownFileType = file.storyboard; name = Base; path = Base.lproj/Main.storyboard; sourceTree = "<group>"; };
		7A2E9BD823D8CF6600784D0E /* Info.plist */ = {isa = PBXFileReference; lastKnownFileType = text.plist.xml; path = Info.plist; sourceTree = "<group>"; };
		7A2E9BD923D8CF6600784D0E /* main.m */ = {isa = PBXFileReference; lastKnownFileType = sourcecode.c.objc; path = main.m; sourceTree = "<group>"; };
		7A2E9BDF23D8CF6600784D0E /* TestRunnerTests.xctest */ = {isa = PBXFileReference; explicitFileType = wrapper.cfbundle; includeInIndex = 0; path = TestRunnerTests.xctest; sourceTree = BUILT_PRODUCTS_DIR; };
		7A2E9BE323D8CF6600784D0E /* TestRunnerTests.m */ = {isa = PBXFileReference; lastKnownFileType = sourcecode.c.objc; path = TestRunnerTests.m; sourceTree = "<group>"; };
		7A2E9BE523D8CF6600784D0E /* Info.plist */ = {isa = PBXFileReference; lastKnownFileType = text.plist.xml; path = Info.plist; sourceTree = "<group>"; };
		7A2E9BEE23D8D0BF00784D0E /* {{ druntimeArchive }} */ = {isa = PBXFileReference; lastKnownFileType = archive.ar; name = "{{ druntimeArchive }}"; path = "{{ libraryPath }}/{{ druntimeArchive }}"; sourceTree = "<group>"; };
		7A2E9BF023D8D28A00784D0E /* test_runner.o */ = {isa = PBXFileReference; lastKnownFileType = "compiled.mach-o.objfile"; name = test_runner.o; path = "{{ objectPath }}/test_runner.o"; sourceTree = "<group>"; };
/* End PBXFileReference section */

/* Begin PBXFrameworksBuildPhase section */
		7A2E9BC123D8CF6500784D0E /* Frameworks */ = {
			isa = PBXFrameworksBuildPhase;
			buildActionMask = 2147483647;
			files = (
			);
			runOnlyForDeploymentPostprocessing = 0;
		};
		7A2E9BDC23D8CF6600784D0E /* Frameworks */ = {
			isa = PBXFrameworksBuildPhase;
			buildActionMask = 2147483647;
			files = (
				7A0FA68E2427A262000EBFC7 /* {{ phobosArchive }} in Frameworks */,
				7A2E9BEF23D8D0BF00784D0E /* {{ druntimeArchive }} in Frameworks */,
				7A2E9BF123D8D28A00784D0E /* test_runner.o in Frameworks */,
			);
			runOnlyForDeploymentPostprocessing = 0;
		};
/* End PBXFrameworksBuildPhase section */

/* Begin PBXGroup section */
		7A2E9BBB23D8CF6500784D0E = {
			isa = PBXGroup;
			children = (
				7A2E9BC623D8CF6500784D0E /* TestRunner */,
				7A2E9BE223D8CF6600784D0E /* TestRunnerTests */,
				7A2E9BC523D8CF6500784D0E /* Products */,
			);
			sourceTree = "<group>";
		};
		7A2E9BC523D8CF6500784D0E /* Products */ = {
			isa = PBXGroup;
			children = (
				7A2E9BC423D8CF6500784D0E /* TestRunner.app */,
				7A2E9BDF23D8CF6600784D0E /* TestRunnerTests.xctest */,
			);
			name = Products;
			sourceTree = "<group>";
		};
		7A2E9BC623D8CF6500784D0E /* TestRunner */ = {
			isa = PBXGroup;
			children = (
				7A2E9BD023D8CF6500784D0E /* Main.storyboard */,
				7A2E9BD823D8CF6600784D0E /* Info.plist */,
				7A2E9BD923D8CF6600784D0E /* main.m */,
			);
			path = TestRunner;
			sourceTree = "<group>";
		};
		7A2E9BE223D8CF6600784D0E /* TestRunnerTests */ = {
			isa = PBXGroup;
			children = (
				7A2E9BE323D8CF6600784D0E /* TestRunnerTests.m */,
				7A2E9BE523D8CF6600784D0E /* Info.plist */,
				7A2E9BEE23D8D0BF00784D0E /* {{ druntimeArchive }} */,
				7A0FA68D2427A262000EBFC7 /* {{ phobosArchive }} */,
				7A2E9BF023D8D28A00784D0E /* test_runner.o */,
			);
			path = TestRunnerTests;
			sourceTree = "<group>";
		};
/* End PBXGroup section */

/* Begin PBXNativeTarget section */
		7A2E9BC323D8CF6500784D0E /* TestRunner */ = {
			isa = PBXNativeTarget;
			buildConfigurationList = 7A2E9BE823D8CF6600784D0E /* Build configuration list for PBXNativeTarget "TestRunner" */;
			buildPhases = (
				7A2E9BC023D8CF6500784D0E /* Sources */,
				7A2E9BC123D8CF6500784D0E /* Frameworks */,
				7A2E9BC223D8CF6500784D0E /* Resources */,
			);
			buildRules = (
			);
			dependencies = (
			);
			name = TestRunner;
			productName = TestRunner;
			productReference = 7A2E9BC423D8CF6500784D0E /* TestRunner.app */;
			productType = "com.apple.product-type.application";
		};
		7A2E9BDE23D8CF6600784D0E /* TestRunnerTests */ = {
			isa = PBXNativeTarget;
			buildConfigurationList = 7A2E9BEB23D8CF6600784D0E /* Build configuration list for PBXNativeTarget "TestRunnerTests" */;
			buildPhases = (
				7A2E9BDB23D8CF6600784D0E /* Sources */,
				7A2E9BDC23D8CF6600784D0E /* Frameworks */,
				7A2E9BDD23D8CF6600784D0E /* Resources */,
			);
			buildRules = (
			);
			dependencies = (
				7A2E9BE123D8CF6600784D0E /* PBXTargetDependency */,
			);
			name = TestRunnerTests;
			productName = TestRunnerTests;
			productReference = 7A2E9BDF23D8CF6600784D0E /* TestRunnerTests.xctest */;
			productType = "com.apple.product-type.bundle.unit-test";
		};
/* End PBXNativeTarget section */

/* Begin PBXProject section */
		7A2E9BBC23D8CF6500784D0E /* Project object */ = {
			isa = PBXProject;
			attributes = {
				LastUpgradeCheck = 1130;
				ORGANIZATIONNAME = "The LDC Team";
				TargetAttributes = {
					7A2E9BC323D8CF6500784D0E = {
						CreatedOnToolsVersion = 11.3.1;
					};
					7A2E9BDE23D8CF6600784D0E = {
						CreatedOnToolsVersion = 11.3.1;
						TestTargetID = 7A2E9BC323D8CF6500784D0E;
					};
				};
			};
			buildConfigurationList = 7A2E9BBF23D8CF6500784D0E /* Build configuration list for PBXProject "TestRunner" */;
			compatibilityVersion = "Xcode 9.3";
			developmentRegion = en;
			hasScannedForEncodings = 0;
			knownRegions = (
				en,
				Base,
			);
			mainGroup = 7A2E9BBB23D8CF6500784D0E;
			productRefGroup = 7A2E9BC523D8CF6500784D0E /* Products */;
			projectDirPath = "";
			projectRoot = "";
			targets = (
				7A2E9BC323D8CF6500784D0E /* TestRunner */,
				7A2E9BDE23D8CF6600784D0E /* TestRunnerTests */,
			);
		};
/* End PBXProject section */

/* Begin PBXResourcesBuildPhase section */
		7A2E9BC223D8CF6500784D0E /* Resources */ = {
			isa = PBXResourcesBuildPhase;
			buildActionMask = 2147483647;
			files = (
				7A2E9BD223D8CF6500784D0E /* Main.storyboard in Resources */,
			);
			runOnlyForDeploymentPostprocessing = 0;
		};
		7A2E9BDD23D8CF6600784D0E /* Resources */ = {
			isa = PBXResourcesBuildPhase;
			buildActionMask = 2147483647;
			files = (
			);
			runOnlyForDeploymentPostprocessing = 0;
		};
/* End PBXResourcesBuildPhase section */

/* Begin PBXSourcesBuildPhase section */
		7A2E9BC023D8CF6500784D0E /* Sources */ = {
			isa = PBXSourcesBuildPhase;
			buildActionMask = 2147483647;
			files = (
				7A2E9BDA23D8CF6600784D0E /* main.m in Sources */,
			);
			runOnlyForDeploymentPostprocessing = 0;
		};
		7A2E9BDB23D8CF6600784D0E /* Sources */ = {
			isa = PBXSourcesBuildPhase;
			buildActionMask = 2147483647;
			files = (
				7A2E9BE423D8CF6600784D0E /* TestRunnerTests.m in Sources */,
			);
			runOnlyForDeploymentPostprocessing = 0;
		};
/* End PBXSourcesBuildPhase section */

/* Begin PBXTargetDependency section */
		7A2E9BE123D8CF6600784D0E /* PBXTargetDependency */ = {
			isa = PBXTargetDependency;
			target = 7A2E9BC323D8CF6500784D0E /* TestRunner */;
			targetProxy = 7A2E9BE023D8CF6600784D0E /* PBXContainerItemProxy */;
		};
/* End PBXTargetDependency section */

/* Begin PBXVariantGroup section */
		7A2E9BD023D8CF6500784D0E /* Main.storyboard */ = {
			isa = PBXVariantGroup;
			children = (
				7A2E9BD123D8CF6500784D0E /* Base */,
			);
			name = Main.storyboard;
			sourceTree = "<group>";
		};
/* End PBXVariantGroup section */

/* Begin XCBuildConfiguration section */
		7A2E9BE623D8CF6600784D0E /* Debug */ = {
			isa = XCBuildConfiguration;
			buildSettings = {
				ALWAYS_SEARCH_USER_PATHS = NO;
				CLANG_ANALYZER_NONNULL = YES;
				CLANG_ANALYZER_NUMBER_OBJECT_CONVERSION = YES_AGGRESSIVE;
				CLANG_CXX_LANGUAGE_STANDARD = "gnu++14";
				CLANG_CXX_LIBRARY = "libc++";
				CLANG_ENABLE_MODULES = YES;
				CLANG_ENABLE_OBJC_ARC = YES;
				CLANG_ENABLE_OBJC_WEAK = YES;
				CLANG_WARN_BLOCK_CAPTURE_AUTORELEASING = YES;
				CLANG_WARN_BOOL_CONVERSION = YES;
				CLANG_WARN_COMMA = YES;
				CLANG_WARN_CONSTANT_CONVERSION = YES;
				CLANG_WARN_DEPRECATED_OBJC_IMPLEMENTATIONS = YES;
				CLANG_WARN_DIRECT_OBJC_ISA_USAGE = YES_ERROR;
				CLANG_WARN_DOCUMENTATION_COMMENTS = YES;
				CLANG_WARN_EMPTY_BODY = YES;
				CLANG_WARN_ENUM_CONVERSION = YES;
				CLANG_WARN_INFINITE_RECURSION = YES;
				CLANG_WARN_INT_CONVERSION = YES;
				CLANG_WARN_NON_LITERAL_NULL_CONVERSION = YES;
				CLANG_WARN_OBJC_IMPLICIT_RETAIN_SELF = YES;
				CLANG_WARN_OBJC_LITERAL_CONVERSION = YES;
				CLANG_WARN_OBJC_ROOT_CLASS = YES_ERROR;
				CLANG_WARN_RANGE_LOOP_ANALYSIS = YES;
				CLANG_WARN_STRICT_PROTOTYPES = YES;
				CLANG_WARN_SUSPICIOUS_MOVE = YES;
				CLANG_WARN_UNGUARDED_AVAILABILITY = YES_AGGRESSIVE;
				CLANG_WARN_UNREACHABLE_CODE = YES;
				CLANG_WARN__DUPLICATE_METHOD_MATCH = YES;
				COPY_PHASE_STRIP = NO;
				DEBUG_INFORMATION_FORMAT = dwarf;
				ENABLE_STRICT_OBJC_MSGSEND = YES;
				ENABLE_TESTABILITY = YES;
				GCC_C_LANGUAGE_STANDARD = gnu11;
				GCC_DYNAMIC_NO_PIC = NO;
				GCC_NO_COMMON_BLOCKS = YES;
				GCC_OPTIMIZATION_LEVEL = 0;
				GCC_PREPROCESSOR_DEFINITIONS = (
					"DEBUG=1",
					"$(inherited)",
				);
				GCC_WARN_64_TO_32_BIT_CONVERSION = YES;
				GCC_WARN_ABOUT_RETURN_TYPE = YES_ERROR;
				GCC_WARN_UNDECLARED_SELECTOR = YES;
				GCC_WARN_UNINITIALIZED_AUTOS = YES_AGGRESSIVE;
				GCC_WARN_UNUSED_FUNCTION = YES;
				GCC_WARN_UNUSED_VARIABLE = YES;
				IPHONEOS_DEPLOYMENT_TARGET = {{ deploymentTarget }};
				MTL_ENABLE_DEBUG_INFO = INCLUDE_SOURCE;
				MTL_FAST_MATH = YES;
				ONLY_ACTIVE_ARCH = YES;
				SDKROOT = iphoneos;
			};
			name = Debug;
		};
		7A2E9BE723D8CF6600784D0E /* Release */ = {
			isa = XCBuildConfiguration;
			buildSettings = {
				ALWAYS_SEARCH_USER_PATHS = NO;
				CLANG_ANALYZER_NONNULL = YES;
				CLANG_ANALYZER_NUMBER_OBJECT_CONVERSION = YES_AGGRESSIVE;
				CLANG_CXX_LANGUAGE_STANDARD = "gnu++14";
				CLANG_CXX_LIBRARY = "libc++";
				CLANG_ENABLE_MODULES = YES;
				CLANG_ENABLE_OBJC_ARC = YES;
				CLANG_ENABLE_OBJC_WEAK = YES;
				CLANG_WARN_BLOCK_CAPTURE_AUTORELEASING = YES;
				CLANG_WARN_BOOL_CONVERSION = YES;
				CLANG_WARN_COMMA = YES;
				CLANG_WARN_CONSTANT_CONVERSION = YES;
				CLANG_WARN_DEPRECATED_OBJC_IMPLEMENTATIONS = YES;
				CLANG_WARN_DIRECT_OBJC_ISA_USAGE = YES_ERROR;
				CLANG_WARN_DOCUMENTATION_COMMENTS = YES;
				CLANG_WARN_EMPTY_BODY = YES;
				CLANG_WARN_ENUM_CONVERSION = YES;
				CLANG_WARN_INFINITE_RECURSION = YES;
				CLANG_WARN_INT_CONVERSION = YES;
				CLANG_WARN_NON_LITERAL_NULL_CONVERSION = YES;
				CLANG_WARN_OBJC_IMPLICIT_RETAIN_SELF = YES;
				CLANG_WARN_OBJC_LITERAL_CONVERSION = YES;
				CLANG_WARN_OBJC_ROOT_CLASS = YES_ERROR;
				CLANG_WARN_RANGE_LOOP_ANALYSIS = YES;
				CLANG_WARN_STRICT_PROTOTYPES = YES;
				CLANG_WARN_SUSPICIOUS_MOVE = YES;
				CLANG_WARN_UNGUARDED_AVAILABILITY = YES_AGGRESSIVE;
				CLANG_WARN_UNREACHABLE_CODE = YES;
				CLANG_WARN__DUPLICATE_METHOD_MATCH = YES;
				COPY_PHASE_STRIP = NO;
				DEBUG_INFORMATION_FORMAT = "dwarf-with-dsym";
				ENABLE_NS_ASSERTIONS = NO;
				ENABLE_STRICT_OBJC_MSGSEND = YES;
				GCC_C_LANGUAGE_STANDARD = gnu11;
				GCC_NO_COMMON_BLOCKS = YES;
				GCC_WARN_64_TO_32_BIT_CONVERSION = YES;
				GCC_WARN_ABOUT_RETURN_TYPE = YES_ERROR;
				GCC_WARN_UNDECLARED_SELECTOR = YES;
				GCC_WARN_UNINITIALIZED_AUTOS = YES_AGGRESSIVE;
				GCC_WARN_UNUSED_FUNCTION = YES;
				GCC_WARN_UNUSED_VARIABLE = YES;
				IPHONEOS_DEPLOYMENT_TARGET = {{ deploymentTarget }};
				MTL_ENABLE_DEBUG_INFO = NO;
				MTL_FAST_MATH = YES;
				SDKROOT = iphoneos;
				VALIDATE_PRODUCT = YES;
			};
			name = Release;
		};
		7A2E9BE923D8CF6600784D0E /* Debug */ = {
			isa = XCBuildConfiguration;
			buildSettings = {
				ASSETCATALOG_COMPILER_APPICON_NAME = AppIcon;
				CODE_SIGN_STYLE = Automatic;
				DEVELOPMENT_TEAM = DGM3Z2TJ7K;
				INFOPLIST_FILE = TestRunner/Info.plist;
				LD_RUNPATH_SEARCH_PATHS = (
					"$(inherited)",
					"@executable_path/Frameworks",
				);
				PRODUCT_BUNDLE_IDENTIFIER = "com.github.ldc-developers.TestRunner";
				PRODUCT_NAME = "$(TARGET_NAME)";
				TARGETED_DEVICE_FAMILY = "1,2";
			};
			name = Debug;
		};
		7A2E9BEA23D8CF6600784D0E /* Release */ = {
			isa = XCBuildConfiguration;
			buildSettings = {
				ASSETCATALOG_COMPILER_APPICON_NAME = AppIcon;
				CODE_SIGN_STYLE = Automatic;
				DEVELOPMENT_TEAM = DGM3Z2TJ7K;
				INFOPLIST_FILE = TestRunner/Info.plist;
				LD_RUNPATH_SEARCH_PATHS = (
					"$(inherited)",
					"@executable_path/Frameworks",
				);
				PRODUCT_BUNDLE_IDENTIFIER = "com.github.ldc-developers.TestRunner";
				PRODUCT_NAME = "$(TARGET_NAME)";
				TARGETED_DEVICE_FAMILY = "1,2";
			};
			name = Release;
		};
		7A2E9BEC23D8CF6600784D0E /* Debug */ = {
			isa = XCBuildConfiguration;
			buildSettings = {
				BUNDLE_LOADER = "$(TEST_HOST)";
				CODE_SIGN_STYLE = Automatic;
				DEVELOPMENT_TEAM = DGM3Z2TJ7K;
				INFOPLIST_FILE = TestRunnerTests/Info.plist;
				IPHONEOS_DEPLOYMENT_TARGET = {{ deploymentTarget }};
				LD_RUNPATH_SEARCH_PATHS = (
					"$(inherited)",
					"@executable_path/Frameworks",
					"@loader_path/Frameworks",
				);
				LIBRARY_SEARCH_PATHS = "{{ libraryPath }}";
				OTHER_LDFLAGS = (
					"-force_load",
					"{{ libraryPath }}/{{ phobosArchive }}",
					"-force_load",
					"{{ libraryPath }}/{{ druntimeArchive }}",
				);
				PRODUCT_BUNDLE_IDENTIFIER = "com.github.ldc-developers.TestRunnerTests";
				PRODUCT_NAME = "$(TARGET_NAME)";
				TARGETED_DEVICE_FAMILY = "1,2";
				TEST_HOST = "$(BUILT_PRODUCTS_DIR)/TestRunner.app/TestRunner";
			};
			name = Debug;
		};
		7A2E9BED23D8CF6600784D0E /* Release */ = {
			isa = XCBuildConfiguration;
			buildSettings = {
				BUNDLE_LOADER = "$(TEST_HOST)";
				CODE_SIGN_STYLE = Automatic;
				DEVELOPMENT_TEAM = DGM3Z2TJ7K;
				INFOPLIST_FILE = TestRunnerTests/Info.plist;
				IPHONEOS_DEPLOYMENT_TARGET = {{ deploymentTarget }};
				LD_RUNPATH_SEARCH_PATHS = (
					"$(inherited)",
					"@executable_path/Frameworks",
					"@loader_path/Frameworks",
				);
				LIBRARY_SEARCH_PATHS = "{{ libraryPath }}";
				OTHER_LDFLAGS = (
					"-force_load",
					"{{ libraryPath }}/{{ phobosArchive }}",
					"-force_load",
					"{{ libraryPath }}/{{ druntimeArchive }}",
				);
				PRODUCT_BUNDLE_IDENTIFIER = "com.github.ldc-developers.TestRunnerTests";
				PRODUCT_NAME = "$(TARGET_NAME)";
				TARGETED_DEVICE_FAMILY = "1,2";
				TEST_HOST = "$(BUILT_PRODUCTS_DIR)/TestRunner.app/TestRunner";
			};
			name = Release;
		};
/* End XCBuildConfiguration section */

/* Begin XCConfigurationList section */
		7A2E9BBF23D8CF6500784D0E /* Build configuration list for PBXProject "TestRunner" */ = {
			isa = XCConfigurationList;
			buildConfigurations = (
				7A2E9BE623D8CF6600784D0E /* Debug */,
				7A2E9BE723D8CF6600784D0E /* Release */,
			);
			defaultConfigurationIsVisible = 0;
			defaultConfigurationName = Release;
		};
		7A2E9BE823D8CF6600784D0E /* Build configuration list for PBXNativeTarget "TestRunner" */ = {
			isa = XCConfigurationList;
			buildConfigurations = (
				7A2E9BE923D8CF6600784D0E /* Debug */,
				7A2E9BEA23D8CF6600784D0E /* Release */,
			);
			defaultConfigurationIsVisible = 0;
			defaultConfigurationName = Release;
		};
		7A2E9BEB23D8CF6600784D0E /* Build configuration list for PBXNativeTarget "TestRunnerTests" */ = {
			isa = XCConfigurationList;
			buildConfigurations = (
				7A2E9BEC23D8CF6600784D0E /* Debug */,
				7A2E9BED23D8CF6600784D0E /* Release */,
			);
			defaultConfigurationIsVisible = 0;
			defaultConfigurationName = Release;
		};
/* End XCConfigurationList section */
	};
	rootObject = 7A2E9BBC23D8CF6500784D0E /* Project object */;
}
